{
    "_readme": [
        "This file locks the dependencies of your project to a known state",
        "Read more about it at https://getcomposer.org/doc/01-basic-usage.md#composer-lock-the-lock-file",
        "This file is @generated automatically"
    ],
    "hash": "7647d842be7f7179a378d815923d7716",
    "content-hash": "30d4da72a6bd63d41f453ebd6f91488f",
    "packages": [
        {
            "name": "phpixie/cli",
            "version": "3.0",
            "source": {
                "type": "git",
                "url": "https://github.com/PHPixie/CLI.git",
                "reference": "c38a5877aaf29763b6624abb8c51af7a88501d73"
            },
            "dist": {
                "type": "zip",
                "url": "https://api.github.com/repos/PHPixie/CLI/zipball/c38a5877aaf29763b6624abb8c51af7a88501d73",
                "reference": "c38a5877aaf29763b6624abb8c51af7a88501d73",
                "shasum": ""
            },
            "require": {
                "phpixie/slice": "~3.0"
            },
            "require-dev": {
                "phpixie/test": "~3.0"
            },
            "type": "library",
            "extra": {
                "branch-alias": {
                    "dev-master": "3.x-dev"
                }
            },
            "autoload": {
                "psr-4": {
                    "PHPixie\\": "src/PHPixie",
                    "PHPixie\\Tests\\": "tests/PHPixie/Tests"
                }
            },
            "notification-url": "https://packagist.org/downloads/",
            "license": [
                "BSD"
            ],
            "authors": [
                {
                    "name": "Roman Tsiupa",
                    "email": "draconyster@gmail.com",
                    "homepage": "http://dracony.org"
                }
            ],
            "description": "ORM library for PHPixie",
            "homepage": "http://phpixie.com",
            "keywords": [
                "cli",
                "command line",
                "console"
            ],
            "time": "2016-06-13 08:33:58"
        },
        {
            "name": "phpixie/slice",
            "version": "3.2.3",
            "source": {
                "type": "git",
                "url": "https://github.com/PHPixie/Slice.git",
                "reference": "4435da2e2f877b899380c64c86e1bd55795c615c"
            },
            "dist": {
                "type": "zip",
                "url": "https://api.github.com/repos/PHPixie/Slice/zipball/4435da2e2f877b899380c64c86e1bd55795c615c",
                "reference": "4435da2e2f877b899380c64c86e1bd55795c615c",
                "shasum": ""
            },
            "require-dev": {
                "phpixie/test": "~3.0"
            },
            "type": "library",
            "extra": {
                "branch-alias": {
                    "dev-master": "3.x-dev"
                }
            },
            "autoload": {
                "psr-4": {
                    "PHPixie\\": "src/PHPixie",
                    "PHPixie\\Tests\\": "tests/PHPixie/Tests"
                }
            },
            "notification-url": "https://packagist.org/downloads/",
            "license": [
                "BSD"
            ],
            "authors": [
                {
                    "name": "Roman Tsiupa",
                    "email": "draconyster@gmail.com",
                    "homepage": "http://dracony.org"
                }
            ],
            "description": "Slice library for PHPixie",
            "homepage": "http://phpixie.com",
            "keywords": [
                "array",
                "data",
                "parameters"
            ],
            "time": "2016-06-12 08:07:30"
        }
    ],
    "packages-dev": [
        {
            "name": "phpixie/test",
            "version": "3.0",
            "source": {
                "type": "git",
                "url": "https://github.com/PHPixie/Test.git",
                "reference": "9663d651392185ace889fef15e7809a7bd302348"
            },
            "dist": {
                "type": "zip",
                "url": "https://api.github.com/repos/PHPixie/Test/zipball/9663d651392185ace889fef15e7809a7bd302348",
                "reference": "9663d651392185ace889fef15e7809a7bd302348",
                "shasum": ""
            },
            "type": "library",
            "extra": {
                "branch-alias": {
                    "dev-master": "3.x-dev"
                }
            },
            "autoload": {
                "psr-0": {
                    "PHPixie": "src/"
                }
            },
            "notification-url": "https://packagist.org/downloads/",
            "license": [
                "BSD"
            ],
            "authors": [
                {
                    "name": "Roman Tsiupa",
                    "email": "draconyster@gmail.com",
                    "homepage": "http://dracony.org"
                }
            ],
            "description": "Testing library for PHPixie",
            "homepage": "http://phpixie.com",
            "keywords": [
                "phpunit",
                "test"
            ],
            "time": "2015-03-09 13:46:41"
        }
    ],
    "aliases": [],
    "minimum-stability": "stable",
    "stability-flags": [],
    "prefer-stable": false,
    "prefer-lowest": false,
    "platform": [],
    "platform-dev": []
}
